
Microsoft Visual Studio Solution File, Format Version 12.00
# Visual Studio Version 17
VisualStudioVersion = 17.14.36310.24 d17.14
MinimumVisualStudioVersion = 10.0.40219.1
Project("{FAE04EC0-301F-11D3-BF4B-00C04F79EFBC}") = "firstProject", "firstProject\firstProject.csproj", "{184027F1-6369-49F3-B9D7-B4A3CF45CE10}"
EndProject
Global
	GlobalSection(SolutionConfigurationPlatforms) = preSolution
		Debug|Any CPU = Debug|Any CPU
		Release|Any CPU = Release|Any CPU
	EndGlobalSection
	GlobalSection(ProjectConfigurationPlatforms) = postSolution
		{184027F1-6369-49F3-B9D7-B4A3CF45CE10}.Debug|Any CPU.ActiveCfg = Debug|Any CPU
		{184027F1-6369-49F3-B9D7-B4A3CF45CE10}.Debug|Any CPU.Build.0 = Debug|Any CPU
		{184027F1-6369-49F3-B9D7-B4A3CF45CE10}.Release|Any CPU.ActiveCfg = Release|Any CPU
		{184027F1-6369-49F3-B9D7-B4A3CF45CE10}.Release|Any CPU.Build.0 = Release|Any CPU
	EndGlobalSection
	GlobalSection(SolutionProperties) = preSolution
		HideSolutionNode = FALSE
	EndGlobalSection
	GlobalSection(ExtensibilityGlobals) = postSolution
		SolutionGuid = {0354A3DC-333A-4FEB-96C9-746F182C9F09}
	EndGlobalSection
EndGlobal
